
Microsoft Visual Studio Solution File, Format Version 12.00
# Visual Studio Version 17
VisualStudioVersion = 17.9.34607.119
MinimumVisualStudioVersion = 10.0.40219.1
Project("{FAE04EC0-301F-11D3-BF4B-00C04F79EFBC}") = "WpfApp1", "WpfApp1\WpfApp1.csproj", "{2904AA72-CB5F-4880-8362-CB5B3207EA23}"
EndProject
Global
	GlobalSection(SolutionConfigurationPlatforms) = preSolution
		Debug|Any CPU = Debug|Any CPU
		Release|Any CPU = Release|Any CPU
	EndGlobalSection
	GlobalSection(ProjectConfigurationPlatforms) = postSolution
		{2904AA72-CB5F-4880-8362-CB5B3207EA23}.Debug|Any CPU.ActiveCfg = Debug|Any CPU
		{2904AA72-CB5F-4880-8362-CB5B3207EA23}.Debug|Any CPU.Build.0 = Debug|Any CPU
		{2904AA72-CB5F-4880-8362-CB5B3207EA23}.Release|Any CPU.ActiveCfg = Release|Any CPU
		{2904AA72-CB5F-4880-8362-CB5B3207EA23}.Release|Any CPU.Build.0 = Release|Any CPU
	EndGlobalSection
	GlobalSection(SolutionProperties) = preSolution
		HideSolutionNode = FALSE
	EndGlobalSection
	GlobalSection(ExtensibilityGlobals) = postSolution
		SolutionGuid = {448E981E-75CE-47B2-B8F5-C3E5E9DB3904}
	EndGlobalSection
EndGlobal
